
Microsoft Visual Studio Solution File, Format Version 12.00
# Visual Studio 15
VisualStudioVersion = 15.0.26730.10
MinimumVisualStudioVersion = 10.0.40219.1
Project("{8BC9CEB8-8B4A-11D0-8D11-00A0C91BC942}") = "CIS265_7A", "CIS265_7A\CIS265_7A.vcxproj", "{263A6C92-B75D-4A87-A232-A4B1180C698E}"
EndProject
Global
	GlobalSection(SolutionConfigurationPlatforms) = preSolution
		Debug|x64 = Debug|x64
		Debug|x86 = Debug|x86
		Release|x64 = Release|x64
		Release|x86 = Release|x86
	EndGlobalSection
	GlobalSection(ProjectConfigurationPlatforms) = postSolution
		{263A6C92-B75D-4A87-A232-A4B1180C698E}.Debug|x64.ActiveCfg = Debug|x64
		{263A6C92-B75D-4A87-A232-A4B1180C698E}.Debug|x64.Build.0 = Debug|x64
		{263A6C92-B75D-4A87-A232-A4B1180C698E}.Debug|x86.ActiveCfg = Debug|Win32
		{263A6C92-B75D-4A87-A232-A4B1180C698E}.Debug|x86.Build.0 = Debug|Win32
		{263A6C92-B75D-4A87-A232-A4B1180C698E}.Release|x64.ActiveCfg = Release|x64
		{263A6C92-B75D-4A87-A232-A4B1180C698E}.Release|x64.Build.0 = Release|x64
		{263A6C92-B75D-4A87-A232-A4B1180C698E}.Release|x86.ActiveCfg = Release|Win32
		{263A6C92-B75D-4A87-A232-A4B1180C698E}.Release|x86.Build.0 = Release|Win32
	EndGlobalSection
	GlobalSection(SolutionProperties) = preSolution
		HideSolutionNode = FALSE
	EndGlobalSection
	GlobalSection(ExtensibilityGlobals) = postSolution
		SolutionGuid = {E626919C-9A30-432C-8192-D39462CF2B26}
	EndGlobalSection
EndGlobal
